
Microsoft Visual Studio Solution File, Format Version 12.00
# Visual Studio Version 16
VisualStudioVersion = 16.0.29613.14
MinimumVisualStudioVersion = 10.0.40219.1
Project("{9A19103F-16F7-4668-BE54-9A1E7A4F7556}") = "NoRain", "NoRain.csproj", "{CCB911EB-9E2F-418C-9F84-25EF8693E4FF}"
EndProject
Global
	GlobalSection(SolutionConfigurationPlatforms) = preSolution
		Debug|Any CPU = Debug|Any CPU
		Release|Any CPU = Release|Any CPU
	EndGlobalSection
	GlobalSection(ProjectConfigurationPlatforms) = postSolution
		{CCB911EB-9E2F-418C-9F84-25EF8693E4FF}.Debug|Any CPU.ActiveCfg = Debug|Any CPU
		{CCB911EB-9E2F-418C-9F84-25EF8693E4FF}.Debug|Any CPU.Build.0 = Debug|Any CPU
		{CCB911EB-9E2F-418C-9F84-25EF8693E4FF}.Release|Any CPU.ActiveCfg = Release|Any CPU
		{CCB911EB-9E2F-418C-9F84-25EF8693E4FF}.Release|Any CPU.Build.0 = Release|Any CPU
	EndGlobalSection
	GlobalSection(SolutionProperties) = preSolution
		HideSolutionNode = FALSE
	EndGlobalSection
	GlobalSection(ExtensibilityGlobals) = postSolution
		SolutionGuid = {0CEAE79B-78B6-40D8-8CCF-7A6C4604E4E5}
	EndGlobalSection
EndGlobal
